
Microsoft Visual Studio Solution File, Format Version 12.00
# Visual Studio Version 17
VisualStudioVersion = 17.2.32616.157
MinimumVisualStudioVersion = 10.0.40219.1
Project("{FAE04EC0-301F-11D3-BF4B-00C04F79EFBC}") = "CooridnateGrid", "CooridnateGrid\CooridnateGrid.csproj", "{EBF349EF-E758-463D-8259-AAC681DA0E70}"
EndProject
Global
	GlobalSection(SolutionConfigurationPlatforms) = preSolution
		Debug|Any CPU = Debug|Any CPU
		Release|Any CPU = Release|Any CPU
	EndGlobalSection
	GlobalSection(ProjectConfigurationPlatforms) = postSolution
		{EBF349EF-E758-463D-8259-AAC681DA0E70}.Debug|Any CPU.ActiveCfg = Debug|Any CPU
		{EBF349EF-E758-463D-8259-AAC681DA0E70}.Debug|Any CPU.Build.0 = Debug|Any CPU
		{EBF349EF-E758-463D-8259-AAC681DA0E70}.Release|Any CPU.ActiveCfg = Release|Any CPU
		{EBF349EF-E758-463D-8259-AAC681DA0E70}.Release|Any CPU.Build.0 = Release|Any CPU
	EndGlobalSection
	GlobalSection(SolutionProperties) = preSolution
		HideSolutionNode = FALSE
	EndGlobalSection
	GlobalSection(ExtensibilityGlobals) = postSolution
		SolutionGuid = {E43EB54B-05FA-49A9-A02D-115F08458AA5}
	EndGlobalSection
EndGlobal
